
Microsoft Visual Studio Solution File, Format Version 12.00
# Visual Studio Version 16
VisualStudioVersion = 16.0.30413.136
MinimumVisualStudioVersion = 10.0.40219.1
Project("{FAE04EC0-301F-11D3-BF4B-00C04F79EFBC}") = "Practica_06_ClasesConstructorHerencia", "Practica_06_ClasesConstructorHerencia.csproj", "{7E31552A-F82C-4707-972A-5FCE477D0A0F}"
EndProject
Global
	GlobalSection(SolutionConfigurationPlatforms) = preSolution
		Debug|Any CPU = Debug|Any CPU
		Release|Any CPU = Release|Any CPU
	EndGlobalSection
	GlobalSection(ProjectConfigurationPlatforms) = postSolution
		{7E31552A-F82C-4707-972A-5FCE477D0A0F}.Debug|Any CPU.ActiveCfg = Debug|Any CPU
		{7E31552A-F82C-4707-972A-5FCE477D0A0F}.Debug|Any CPU.Build.0 = Debug|Any CPU
		{7E31552A-F82C-4707-972A-5FCE477D0A0F}.Release|Any CPU.ActiveCfg = Release|Any CPU
		{7E31552A-F82C-4707-972A-5FCE477D0A0F}.Release|Any CPU.Build.0 = Release|Any CPU
	EndGlobalSection
	GlobalSection(SolutionProperties) = preSolution
		HideSolutionNode = FALSE
	EndGlobalSection
	GlobalSection(ExtensibilityGlobals) = postSolution
		SolutionGuid = {392D8396-A28B-4E0B-B209-FEEFB6D8B3E9}
	EndGlobalSection
EndGlobal
